
Microsoft Visual Studio Solution File, Format Version 12.00
# Visual Studio 15
Project("{FAE04EC0-301F-11D3-BF4B-00C04F79EFBC}") = "Unity.Timeline", "Unity.Timeline.csproj", "{EF1BE223-D7CC-2F10-D172-4189E134388B}"
EndProject
Project("{FAE04EC0-301F-11D3-BF4B-00C04F79EFBC}") = "Unity.Timeline.Editor", "Unity.Timeline.Editor.csproj", "{565C7D35-EACE-6503-2067-5B929E43EE76}"
EndProject
Project("{FAE04EC0-301F-11D3-BF4B-00C04F79EFBC}") = "Unity.2D.Tilemap.Editor", "Unity.2D.Tilemap.Editor.csproj", "{42151D8A-E4E1-EAAA-1E90-82E14D528A87}"
EndProject
Project("{FAE04EC0-301F-11D3-BF4B-00C04F79EFBC}") = "Unity.TextMeshPro.Editor", "Unity.TextMeshPro.Editor.csproj", "{4CCD238D-7AE3-8AD7-893F-321E11236D46}"
EndProject
Project("{FAE04EC0-301F-11D3-BF4B-00C04F79EFBC}") = "Unity.2D.Aseprite.Editor", "Unity.2D.Aseprite.Editor.csproj", "{418FC45A-3B6B-F8B3-CE4D-4F7EF26D3FC2}"
EndProject
Project("{FAE04EC0-301F-11D3-BF4B-00C04F79EFBC}") = "Unity.VisualScripting.Flow", "Unity.VisualScripting.Flow.csproj", "{A087FE88-9AF9-E447-8EFA-6888CC74DB4A}"
EndProject
Project("{FAE04EC0-301F-11D3-BF4B-00C04F79EFBC}") = "UnityEditor.UI", "UnityEditor.UI.csproj", "{0B641E8E-AAE3-59E4-7B2D-2A52E45FE668}"
EndProject
Project("{FAE04EC0-301F-11D3-BF4B-00C04F79EFBC}") = "Unity.PlasticSCM.Editor", "Unity.PlasticSCM.Editor.csproj", "{077FB513-F895-E244-29F9-43449EAD4765}"
EndProject
Project("{FAE04EC0-301F-11D3-BF4B-00C04F79EFBC}") = "Unity.2D.Psdimporter.Editor", "Unity.2D.Psdimporter.Editor.csproj", "{B195DD7A-5356-90BF-F1C0-4FF5B66CBD86}"
EndProject
Project("{FAE04EC0-301F-11D3-BF4B-00C04F79EFBC}") = "Unity.VisualScripting.Core", "Unity.VisualScripting.Core.csproj", "{7D9EBE7C-E21C-0A6C-F9E0-657BE4CCFF38}"
EndProject
Project("{FAE04EC0-301F-11D3-BF4B-00C04F79EFBC}") = "Unity.Mathematics", "Unity.Mathematics.csproj", "{03FA32E6-CC0F-A818-D09D-A4BE21AE741A}"
EndProject
Project("{FAE04EC0-301F-11D3-BF4B-00C04F79EFBC}") = "Unity.2D.Animation.Editor", "Unity.2D.Animation.Editor.csproj", "{D9F23BC7-4039-F893-C3EC-44D3F0BCABE7}"
EndProject
Project("{FAE04EC0-301F-11D3-BF4B-00C04F79EFBC}") = "Unity.2D.Common.Path.Editor", "Unity.2D.Common.Path.Editor.csproj", "{891CF5ED-FA9D-1AF0-91A5-0430F3ED0AFC}"
EndProject
Project("{FAE04EC0-301F-11D3-BF4B-00C04F79EFBC}") = "Unity.VisualScripting.Core.Editor", "Unity.VisualScripting.Core.Editor.csproj", "{D6BB8A8D-4E8A-817B-1AD7-D53CEC72F8E9}"
EndProject
Project("{FAE04EC0-301F-11D3-BF4B-00C04F79EFBC}") = "Unity.2D.IK.Runtime", "Unity.2D.IK.Runtime.csproj", "{0A21B09E-1268-395B-21C9-FA91F91CA6D9}"
EndProject
Project("{FAE04EC0-301F-11D3-BF4B-00C04F79EFBC}") = "Unity.VisualScripting.Flow.Editor", "Unity.VisualScripting.Flow.Editor.csproj", "{4E7B26CA-8416-F242-6B7C-3F120B238CF2}"
EndProject
Project("{FAE04EC0-301F-11D3-BF4B-00C04F79EFBC}") = "UnityEditor.TestRunner", "UnityEditor.TestRunner.csproj", "{1C5CC8DD-1528-CB07-D437-3F0671D9CC03}"
EndProject
Project("{FAE04EC0-301F-11D3-BF4B-00C04F79EFBC}") = "Unity.VisualScripting.SettingsProvider.Editor", "Unity.VisualScripting.SettingsProvider.Editor.csproj", "{99542ED9-3D58-DE2F-4C71-06BB51C2CD14}"
EndProject
Project("{FAE04EC0-301F-11D3-BF4B-00C04F79EFBC}") = "UnityEngine.TestRunner", "UnityEngine.TestRunner.csproj", "{79643090-710C-0F2A-9558-31F10CADD29E}"
EndProject
Project("{FAE04EC0-301F-11D3-BF4B-00C04F79EFBC}") = "PsdPlugin", "PsdPlugin.csproj", "{9DFE357A-2FE9-C32A-F571-F47717BB7E00}"
EndProject
Project("{FAE04EC0-301F-11D3-BF4B-00C04F79EFBC}") = "Unity.Burst", "Unity.Burst.csproj", "{8DF5E9D9-A99C-431D-BB1F-B180D70BA864}"
EndProject
Project("{FAE04EC0-301F-11D3-BF4B-00C04F79EFBC}") = "UnityEngine.UI", "UnityEngine.UI.csproj", "{15BC514A-B45F-5983-B0C5-27A539DEA8DB}"
EndProject
Project("{FAE04EC0-301F-11D3-BF4B-00C04F79EFBC}") = "Unity.2D.SpriteShape.Editor", "Unity.2D.SpriteShape.Editor.csproj", "{BDF64AB5-2615-BB54-B770-4A86DAC430D6}"
EndProject
Project("{FAE04EC0-301F-11D3-BF4B-00C04F79EFBC}") = "Unity.Collections", "Unity.Collections.csproj", "{A064095C-4367-C0EE-1234-40A675386FEE}"
EndProject
Project("{FAE04EC0-301F-11D3-BF4B-00C04F79EFBC}") = "Unity.VisualStudio.Editor", "Unity.VisualStudio.Editor.csproj", "{1C78670F-BB0C-1DE5-240B-1B1A3F21DF10}"
EndProject
Project("{FAE04EC0-301F-11D3-BF4B-00C04F79EFBC}") = "Unity.2D.Tilemap.Extras.Editor", "Unity.2D.Tilemap.Extras.Editor.csproj", "{B0C16E10-CC90-52F9-B3F5-760F8294FF42}"
EndProject
Project("{FAE04EC0-301F-11D3-BF4B-00C04F79EFBC}") = "Unity.Rider.Editor", "Unity.Rider.Editor.csproj", "{20C129EA-3737-FEF2-7471-AAF11C3CB3BA}"
EndProject
Project("{FAE04EC0-301F-11D3-BF4B-00C04F79EFBC}") = "Unity.InternalAPIEditorBridge.001", "Unity.InternalAPIEditorBridge.001.csproj", "{6364C62D-B492-8729-EA0D-FB853293F309}"
EndProject
Project("{FAE04EC0-301F-11D3-BF4B-00C04F79EFBC}") = "Unity.2D.SpriteShape.Runtime", "Unity.2D.SpriteShape.Runtime.csproj", "{6C9C1405-14E7-863F-175B-6A3A049E8A8A}"
EndProject
Project("{FAE04EC0-301F-11D3-BF4B-00C04F79EFBC}") = "Unity.VisualScripting.State.Editor", "Unity.VisualScripting.State.Editor.csproj", "{2A5BE3CC-D74C-4D06-C4E0-423140B80221}"
EndProject
Project("{FAE04EC0-301F-11D3-BF4B-00C04F79EFBC}") = "Unity.2D.Animation.Runtime", "Unity.2D.Animation.Runtime.csproj", "{F9890D1A-40F0-1E3D-E527-48FEA81DC6D3}"
EndProject
Project("{FAE04EC0-301F-11D3-BF4B-00C04F79EFBC}") = "Unity.Burst.CodeGen", "Unity.Burst.CodeGen.csproj", "{7411208E-B3CB-F958-1EE3-51C0C64D8D3B}"
EndProject
Project("{FAE04EC0-301F-11D3-BF4B-00C04F79EFBC}") = "Unity.2D.Tilemap.Extras", "Unity.2D.Tilemap.Extras.csproj", "{B85E3003-07F8-5B37-CB3A-790A8A726DBA}"
EndProject
Project("{FAE04EC0-301F-11D3-BF4B-00C04F79EFBC}") = "Unity.VisualScripting.State", "Unity.VisualScripting.State.csproj", "{F5A72270-17D1-3E24-5C8A-DA9A19E2653E}"
EndProject
Project("{FAE04EC0-301F-11D3-BF4B-00C04F79EFBC}") = "Unity.TextMeshPro", "Unity.TextMeshPro.csproj", "{AEE678D5-3EBD-1708-E2D0-82B5AA76BF9F}"
EndProject
Project("{FAE04EC0-301F-11D3-BF4B-00C04F79EFBC}") = "Unity.2D.Aseprite.Common", "Unity.2D.Aseprite.Common.csproj", "{5C6BFF79-A961-B805-3596-A1B1F7B18373}"
EndProject
Project("{FAE04EC0-301F-11D3-BF4B-00C04F79EFBC}") = "Unity.2D.IK.Editor", "Unity.2D.IK.Editor.csproj", "{341E9DBD-9183-512B-5547-D0AD3C408FE2}"
EndProject
Project("{FAE04EC0-301F-11D3-BF4B-00C04F79EFBC}") = "Unity.InternalAPIEngineBridge.001", "Unity.InternalAPIEngineBridge.001.csproj", "{86E0180A-BA05-0AA2-AE15-49E07EFA628D}"
EndProject
Project("{FAE04EC0-301F-11D3-BF4B-00C04F79EFBC}") = "Unity.Burst.Editor", "Unity.Burst.Editor.csproj", "{61673418-0205-E118-3DD6-39DF6EE4CF98}"
EndProject
Project("{FAE04EC0-301F-11D3-BF4B-00C04F79EFBC}") = "Unity.2D.Common.Editor", "Unity.2D.Common.Editor.csproj", "{AAF35491-0A58-41BF-F15E-8202EEBD520E}"
EndProject
Project("{FAE04EC0-301F-11D3-BF4B-00C04F79EFBC}") = "Unity.2D.Sprite.Editor", "Unity.2D.Sprite.Editor.csproj", "{52FEB26F-CBC9-FEF7-B780-72800073329C}"
EndProject
Project("{FAE04EC0-301F-11D3-BF4B-00C04F79EFBC}") = "Unity.2D.PixelPerfect", "Unity.2D.PixelPerfect.csproj", "{7A471173-54C5-DF5C-5503-951DB795A5D0}"
EndProject
Project("{FAE04EC0-301F-11D3-BF4B-00C04F79EFBC}") = "Assembly-CSharp", "Assembly-CSharp.csproj", "{92FA2A43-6468-0B51-A2A7-C7D2C02254B2}"
EndProject
Project("{FAE04EC0-301F-11D3-BF4B-00C04F79EFBC}") = "Unity.2D.PixelPerfect.Editor", "Unity.2D.PixelPerfect.Editor.csproj", "{7328957A-58CD-5A69-5A81-58C3137C9520}"
EndProject
Project("{FAE04EC0-301F-11D3-BF4B-00C04F79EFBC}") = "Unity.2D.Common.Runtime", "Unity.2D.Common.Runtime.csproj", "{77EEFA30-8E33-5B40-A509-5F56FD51835D}"
EndProject
Project("{FAE04EC0-301F-11D3-BF4B-00C04F79EFBC}") = "Unity.Mathematics.Editor", "Unity.Mathematics.Editor.csproj", "{864540B3-1FA5-350D-DB1E-87EE1138E8E4}"
EndProject
Project("{FAE04EC0-301F-11D3-BF4B-00C04F79EFBC}") = "Unity.Collections.BurstCompatibilityGen", "Unity.Collections.BurstCompatibilityGen.csproj", "{0B4023FF-2352-C82F-EDA0-D8183A2583F3}"
EndProject
Project("{FAE04EC0-301F-11D3-BF4B-00C04F79EFBC}") = "Unity.InternalAPIEditorBridge.005", "Unity.InternalAPIEditorBridge.005.csproj", "{3C4BB9D0-0B07-E9A5-4799-34785C91559B}"
EndProject
Project("{FAE04EC0-301F-11D3-BF4B-00C04F79EFBC}") = "Unity.VisualScripting.Shared.Editor", "Unity.VisualScripting.Shared.Editor.csproj", "{8C875B83-C8B3-79FB-11C9-82194C0CAB6B}"
EndProject
Project("{FAE04EC0-301F-11D3-BF4B-00C04F79EFBC}") = "Unity.Collections.DocCodeSamples", "Unity.Collections.DocCodeSamples.csproj", "{DA773C41-1B30-E037-84F8-3720CEC0CCB0}"
EndProject
Project("{FAE04EC0-301F-11D3-BF4B-00C04F79EFBC}") = "Unity.CollabProxy.Editor", "Unity.CollabProxy.Editor.csproj", "{0CFE899F-D6EB-8ADD-B587-08B906B6524E}"
EndProject
Global
	GlobalSection(SolutionConfigurationPlatforms) = preSolution
		Debug|Any CPU = Debug|Any CPU
		Release|Any CPU = Release|Any CPU
	EndGlobalSection
	GlobalSection(ProjectConfigurationPlatforms) = postSolution
		{EF1BE223-D7CC-2F10-D172-4189E134388B}.Debug|Any CPU.ActiveCfg = Debug|Any CPU
		{EF1BE223-D7CC-2F10-D172-4189E134388B}.Debug|Any CPU.Build.0 = Debug|Any CPU
		{EF1BE223-D7CC-2F10-D172-4189E134388B}.Release|Any CPU.ActiveCfg = Release|Any CPU
		{EF1BE223-D7CC-2F10-D172-4189E134388B}.Release|Any CPU.Build.0 = Release|Any CPU
		{565C7D35-EACE-6503-2067-5B929E43EE76}.Debug|Any CPU.ActiveCfg = Debug|Any CPU
		{565C7D35-EACE-6503-2067-5B929E43EE76}.Debug|Any CPU.Build.0 = Debug|Any CPU
		{565C7D35-EACE-6503-2067-5B929E43EE76}.Release|Any CPU.ActiveCfg = Release|Any CPU
		{565C7D35-EACE-6503-2067-5B929E43EE76}.Release|Any CPU.Build.0 = Release|Any CPU
		{42151D8A-E4E1-EAAA-1E90-82E14D528A87}.Debug|Any CPU.ActiveCfg = Debug|Any CPU
		{42151D8A-E4E1-EAAA-1E90-82E14D528A87}.Debug|Any CPU.Build.0 = Debug|Any CPU
		{42151D8A-E4E1-EAAA-1E90-82E14D528A87}.Release|Any CPU.ActiveCfg = Release|Any CPU
		{42151D8A-E4E1-EAAA-1E90-82E14D528A87}.Release|Any CPU.Build.0 = Release|Any CPU
		{4CCD238D-7AE3-8AD7-893F-321E11236D46}.Debug|Any CPU.ActiveCfg = Debug|Any CPU
		{4CCD238D-7AE3-8AD7-893F-321E11236D46}.Debug|Any CPU.Build.0 = Debug|Any CPU
		{4CCD238D-7AE3-8AD7-893F-321E11236D46}.Release|Any CPU.ActiveCfg = Release|Any CPU
		{4CCD238D-7AE3-8AD7-893F-321E11236D46}.Release|Any CPU.Build.0 = Release|Any CPU
		{418FC45A-3B6B-F8B3-CE4D-4F7EF26D3FC2}.Debug|Any CPU.ActiveCfg = Debug|Any CPU
		{418FC45A-3B6B-F8B3-CE4D-4F7EF26D3FC2}.Debug|Any CPU.Build.0 = Debug|Any CPU
		{418FC45A-3B6B-F8B3-CE4D-4F7EF26D3FC2}.Release|Any CPU.ActiveCfg = Release|Any CPU
		{418FC45A-3B6B-F8B3-CE4D-4F7EF26D3FC2}.Release|Any CPU.Build.0 = Release|Any CPU
		{A087FE88-9AF9-E447-8EFA-6888CC74DB4A}.Debug|Any CPU.ActiveCfg = Debug|Any CPU
		{A087FE88-9AF9-E447-8EFA-6888CC74DB4A}.Debug|Any CPU.Build.0 = Debug|Any CPU
		{A087FE88-9AF9-E447-8EFA-6888CC74DB4A}.Release|Any CPU.ActiveCfg = Release|Any CPU
		{A087FE88-9AF9-E447-8EFA-6888CC74DB4A}.Release|Any CPU.Build.0 = Release|Any CPU
		{0B641E8E-AAE3-59E4-7B2D-2A52E45FE668}.Debug|Any CPU.ActiveCfg = Debug|Any CPU
		{0B641E8E-AAE3-59E4-7B2D-2A52E45FE668}.Debug|Any CPU.Build.0 = Debug|Any CPU
		{0B641E8E-AAE3-59E4-7B2D-2A52E45FE668}.Release|Any CPU.ActiveCfg = Release|Any CPU
		{0B641E8E-AAE3-59E4-7B2D-2A52E45FE668}.Release|Any CPU.Build.0 = Release|Any CPU
		{077FB513-F895-E244-29F9-43449EAD4765}.Debug|Any CPU.ActiveCfg = Debug|Any CPU
		{077FB513-F895-E244-29F9-43449EAD4765}.Debug|Any CPU.Build.0 = Debug|Any CPU
		{077FB513-F895-E244-29F9-43449EAD4765}.Release|Any CPU.ActiveCfg = Release|Any CPU
		{077FB513-F895-E244-29F9-43449EAD4765}.Release|Any CPU.Build.0 = Release|Any CPU
		{B195DD7A-5356-90BF-F1C0-4FF5B66CBD86}.Debug|Any CPU.ActiveCfg = Debug|Any CPU
		{B195DD7A-5356-90BF-F1C0-4FF5B66CBD86}.Debug|Any CPU.Build.0 = Debug|Any CPU
		{B195DD7A-5356-90BF-F1C0-4FF5B66CBD86}.Release|Any CPU.ActiveCfg = Release|Any CPU
		{B195DD7A-5356-90BF-F1C0-4FF5B66CBD86}.Release|Any CPU.Build.0 = Release|Any CPU
		{7D9EBE7C-E21C-0A6C-F9E0-657BE4CCFF38}.Debug|Any CPU.ActiveCfg = Debug|Any CPU
		{7D9EBE7C-E21C-0A6C-F9E0-657BE4CCFF38}.Debug|Any CPU.Build.0 = Debug|Any CPU
		{7D9EBE7C-E21C-0A6C-F9E0-657BE4CCFF38}.Release|Any CPU.ActiveCfg = Release|Any CPU
		{7D9EBE7C-E21C-0A6C-F9E0-657BE4CCFF38}.Release|Any CPU.Build.0 = Release|Any CPU
		{03FA32E6-CC0F-A818-D09D-A4BE21AE741A}.Debug|Any CPU.ActiveCfg = Debug|Any CPU
		{03FA32E6-CC0F-A818-D09D-A4BE21AE741A}.Debug|Any CPU.Build.0 = Debug|Any CPU
		{03FA32E6-CC0F-A818-D09D-A4BE21AE741A}.Release|Any CPU.ActiveCfg = Release|Any CPU
		{03FA32E6-CC0F-A818-D09D-A4BE21AE741A}.Release|Any CPU.Build.0 = Release|Any CPU
		{D9F23BC7-4039-F893-C3EC-44D3F0BCABE7}.Debug|Any CPU.ActiveCfg = Debug|Any CPU
		{D9F23BC7-4039-F893-C3EC-44D3F0BCABE7}.Debug|Any CPU.Build.0 = Debug|Any CPU
		{D9F23BC7-4039-F893-C3EC-44D3F0BCABE7}.Release|Any CPU.ActiveCfg = Release|Any CPU
		{D9F23BC7-4039-F893-C3EC-44D3F0BCABE7}.Release|Any CPU.Build.0 = Release|Any CPU
		{891CF5ED-FA9D-1AF0-91A5-0430F3ED0AFC}.Debug|Any CPU.ActiveCfg = Debug|Any CPU
		{891CF5ED-FA9D-1AF0-91A5-0430F3ED0AFC}.Debug|Any CPU.Build.0 = Debug|Any CPU
		{891CF5ED-FA9D-1AF0-91A5-0430F3ED0AFC}.Release|Any CPU.ActiveCfg = Release|Any CPU
		{891CF5ED-FA9D-1AF0-91A5-0430F3ED0AFC}.Release|Any CPU.Build.0 = Release|Any CPU
		{D6BB8A8D-4E8A-817B-1AD7-D53CEC72F8E9}.Debug|Any CPU.ActiveCfg = Debug|Any CPU
		{D6BB8A8D-4E8A-817B-1AD7-D53CEC72F8E9}.Debug|Any CPU.Build.0 = Debug|Any CPU
		{D6BB8A8D-4E8A-817B-1AD7-D53CEC72F8E9}.Release|Any CPU.ActiveCfg = Release|Any CPU
		{D6BB8A8D-4E8A-817B-1AD7-D53CEC72F8E9}.Release|Any CPU.Build.0 = Release|Any CPU
		{0A21B09E-1268-395B-21C9-FA91F91CA6D9}.Debug|Any CPU.ActiveCfg = Debug|Any CPU
		{0A21B09E-1268-395B-21C9-FA91F91CA6D9}.Debug|Any CPU.Build.0 = Debug|Any CPU
		{0A21B09E-1268-395B-21C9-FA91F91CA6D9}.Release|Any CPU.ActiveCfg = Release|Any CPU
		{0A21B09E-1268-395B-21C9-FA91F91CA6D9}.Release|Any CPU.Build.0 = Release|Any CPU
		{4E7B26CA-8416-F242-6B7C-3F120B238CF2}.Debug|Any CPU.ActiveCfg = Debug|Any CPU
		{4E7B26CA-8416-F242-6B7C-3F120B238CF2}.Debug|Any CPU.Build.0 = Debug|Any CPU
		{4E7B26CA-8416-F242-6B7C-3F120B238CF2}.Release|Any CPU.ActiveCfg = Release|Any CPU
		{4E7B26CA-8416-F242-6B7C-3F120B238CF2}.Release|Any CPU.Build.0 = Release|Any CPU
		{1C5CC8DD-1528-CB07-D437-3F0671D9CC03}.Debug|Any CPU.ActiveCfg = Debug|Any CPU
		{1C5CC8DD-1528-CB07-D437-3F0671D9CC03}.Debug|Any CPU.Build.0 = Debug|Any CPU
		{1C5CC8DD-1528-CB07-D437-3F0671D9CC03}.Release|Any CPU.ActiveCfg = Release|Any CPU
		{1C5CC8DD-1528-CB07-D437-3F0671D9CC03}.Release|Any CPU.Build.0 = Release|Any CPU
		{99542ED9-3D58-DE2F-4C71-06BB51C2CD14}.Debug|Any CPU.ActiveCfg = Debug|Any CPU
		{99542ED9-3D58-DE2F-4C71-06BB51C2CD14}.Debug|Any CPU.Build.0 = Debug|Any CPU
		{99542ED9-3D58-DE2F-4C71-06BB51C2CD14}.Release|Any CPU.ActiveCfg = Release|Any CPU
		{99542ED9-3D58-DE2F-4C71-06BB51C2CD14}.Release|Any CPU.Build.0 = Release|Any CPU
		{79643090-710C-0F2A-9558-31F10CADD29E}.Debug|Any CPU.ActiveCfg = Debug|Any CPU
		{79643090-710C-0F2A-9558-31F10CADD29E}.Debug|Any CPU.Build.0 = Debug|Any CPU
		{79643090-710C-0F2A-9558-31F10CADD29E}.Release|Any CPU.ActiveCfg = Release|Any CPU
		{79643090-710C-0F2A-9558-31F10CADD29E}.Release|Any CPU.Build.0 = Release|Any CPU
		{9DFE357A-2FE9-C32A-F571-F47717BB7E00}.Debug|Any CPU.ActiveCfg = Debug|Any CPU
		{9DFE357A-2FE9-C32A-F571-F47717BB7E00}.Debug|Any CPU.Build.0 = Debug|Any CPU
		{9DFE357A-2FE9-C32A-F571-F47717BB7E00}.Release|Any CPU.ActiveCfg = Release|Any CPU
		{9DFE357A-2FE9-C32A-F571-F47717BB7E00}.Release|Any CPU.Build.0 = Release|Any CPU
		{8DF5E9D9-A99C-431D-BB1F-B180D70BA864}.Debug|Any CPU.ActiveCfg = Debug|Any CPU
		{8DF5E9D9-A99C-431D-BB1F-B180D70BA864}.Debug|Any CPU.Build.0 = Debug|Any CPU
		{8DF5E9D9-A99C-431D-BB1F-B180D70BA864}.Release|Any CPU.ActiveCfg = Release|Any CPU
		{8DF5E9D9-A99C-431D-BB1F-B180D70BA864}.Release|Any CPU.Build.0 = Release|Any CPU
		{15BC514A-B45F-5983-B0C5-27A539DEA8DB}.Debug|Any CPU.ActiveCfg = Debug|Any CPU
		{15BC514A-B45F-5983-B0C5-27A539DEA8DB}.Debug|Any CPU.Build.0 = Debug|Any CPU
		{15BC514A-B45F-5983-B0C5-27A539DEA8DB}.Release|Any CPU.ActiveCfg = Release|Any CPU
		{15BC514A-B45F-5983-B0C5-27A539DEA8DB}.Release|Any CPU.Build.0 = Release|Any CPU
		{BDF64AB5-2615-BB54-B770-4A86DAC430D6}.Debug|Any CPU.ActiveCfg = Debug|Any CPU
		{BDF64AB5-2615-BB54-B770-4A86DAC430D6}.Debug|Any CPU.Build.0 = Debug|Any CPU
		{BDF64AB5-2615-BB54-B770-4A86DAC430D6}.Release|Any CPU.ActiveCfg = Release|Any CPU
		{BDF64AB5-2615-BB54-B770-4A86DAC430D6}.Release|Any CPU.Build.0 = Release|Any CPU
		{A064095C-4367-C0EE-1234-40A675386FEE}.Debug|Any CPU.ActiveCfg = Debug|Any CPU
		{A064095C-4367-C0EE-1234-40A675386FEE}.Debug|Any CPU.Build.0 = Debug|Any CPU
		{A064095C-4367-C0EE-1234-40A675386FEE}.Release|Any CPU.ActiveCfg = Release|Any CPU
		{A064095C-4367-C0EE-1234-40A675386FEE}.Release|Any CPU.Build.0 = Release|Any CPU
		{1C78670F-BB0C-1DE5-240B-1B1A3F21DF10}.Debug|Any CPU.ActiveCfg = Debug|Any CPU
		{1C78670F-BB0C-1DE5-240B-1B1A3F21DF10}.Debug|Any CPU.Build.0 = Debug|Any CPU
		{1C78670F-BB0C-1DE5-240B-1B1A3F21DF10}.Release|Any CPU.ActiveCfg = Release|Any CPU
		{1C78670F-BB0C-1DE5-240B-1B1A3F21DF10}.Release|Any CPU.Build.0 = Release|Any CPU
		{B0C16E10-CC90-52F9-B3F5-760F8294FF42}.Debug|Any CPU.ActiveCfg = Debug|Any CPU
		{B0C16E10-CC90-52F9-B3F5-760F8294FF42}.Debug|Any CPU.Build.0 = Debug|Any CPU
		{B0C16E10-CC90-52F9-B3F5-760F8294FF42}.Release|Any CPU.ActiveCfg = Release|Any CPU
		{B0C16E10-CC90-52F9-B3F5-760F8294FF42}.Release|Any CPU.Build.0 = Release|Any CPU
		{20C129EA-3737-FEF2-7471-AAF11C3CB3BA}.Debug|Any CPU.ActiveCfg = Debug|Any CPU
		{20C129EA-3737-FEF2-7471-AAF11C3CB3BA}.Debug|Any CPU.Build.0 = Debug|Any CPU
		{20C129EA-3737-FEF2-7471-AAF11C3CB3BA}.Release|Any CPU.ActiveCfg = Release|Any CPU
		{20C129EA-3737-FEF2-7471-AAF11C3CB3BA}.Release|Any CPU.Build.0 = Release|Any CPU
		{6364C62D-B492-8729-EA0D-FB853293F309}.Debug|Any CPU.ActiveCfg = Debug|Any CPU
		{6364C62D-B492-8729-EA0D-FB853293F309}.Debug|Any CPU.Build.0 = Debug|Any CPU
		{6364C62D-B492-8729-EA0D-FB853293F309}.Release|Any CPU.ActiveCfg = Release|Any CPU
		{6364C62D-B492-8729-EA0D-FB853293F309}.Release|Any CPU.Build.0 = Release|Any CPU
		{6C9C1405-14E7-863F-175B-6A3A049E8A8A}.Debug|Any CPU.ActiveCfg = Debug|Any CPU
		{6C9C1405-14E7-863F-175B-6A3A049E8A8A}.Debug|Any CPU.Build.0 = Debug|Any CPU
		{6C9C1405-14E7-863F-175B-6A3A049E8A8A}.Release|Any CPU.ActiveCfg = Release|Any CPU
		{6C9C1405-14E7-863F-175B-6A3A049E8A8A}.Release|Any CPU.Build.0 = Release|Any CPU
		{2A5BE3CC-D74C-4D06-C4E0-423140B80221}.Debug|Any CPU.ActiveCfg = Debug|Any CPU
		{2A5BE3CC-D74C-4D06-C4E0-423140B80221}.Debug|Any CPU.Build.0 = Debug|Any CPU
		{2A5BE3CC-D74C-4D06-C4E0-423140B80221}.Release|Any CPU.ActiveCfg = Release|Any CPU
		{2A5BE3CC-D74C-4D06-C4E0-423140B80221}.Release|Any CPU.Build.0 = Release|Any CPU
		{F9890D1A-40F0-1E3D-E527-48FEA81DC6D3}.Debug|Any CPU.ActiveCfg = Debug|Any CPU
		{F9890D1A-40F0-1E3D-E527-48FEA81DC6D3}.Debug|Any CPU.Build.0 = Debug|Any CPU
		{F9890D1A-40F0-1E3D-E527-48FEA81DC6D3}.Release|Any CPU.ActiveCfg = Release|Any CPU
		{F9890D1A-40F0-1E3D-E527-48FEA81DC6D3}.Release|Any CPU.Build.0 = Release|Any CPU
		{7411208E-B3CB-F958-1EE3-51C0C64D8D3B}.Debug|Any CPU.ActiveCfg = Debug|Any CPU
		{7411208E-B3CB-F958-1EE3-51C0C64D8D3B}.Debug|Any CPU.Build.0 = Debug|Any CPU
		{7411208E-B3CB-F958-1EE3-51C0C64D8D3B}.Release|Any CPU.ActiveCfg = Release|Any CPU
		{7411208E-B3CB-F958-1EE3-51C0C64D8D3B}.Release|Any CPU.Build.0 = Release|Any CPU
		{B85E3003-07F8-5B37-CB3A-790A8A726DBA}.Debug|Any CPU.ActiveCfg = Debug|Any CPU
		{B85E3003-07F8-5B37-CB3A-790A8A726DBA}.Debug|Any CPU.Build.0 = Debug|Any CPU
		{B85E3003-07F8-5B37-CB3A-790A8A726DBA}.Release|Any CPU.ActiveCfg = Release|Any CPU
		{B85E3003-07F8-5B37-CB3A-790A8A726DBA}.Release|Any CPU.Build.0 = Release|Any CPU
		{F5A72270-17D1-3E24-5C8A-DA9A19E2653E}.Debug|Any CPU.ActiveCfg = Debug|Any CPU
		{F5A72270-17D1-3E24-5C8A-DA9A19E2653E}.Debug|Any CPU.Build.0 = Debug|Any CPU
		{F5A72270-17D1-3E24-5C8A-DA9A19E2653E}.Release|Any CPU.ActiveCfg = Release|Any CPU
		{F5A72270-17D1-3E24-5C8A-DA9A19E2653E}.Release|Any CPU.Build.0 = Release|Any CPU
		{AEE678D5-3EBD-1708-E2D0-82B5AA76BF9F}.Debug|Any CPU.ActiveCfg = Debug|Any CPU
		{AEE678D5-3EBD-1708-E2D0-82B5AA76BF9F}.Debug|Any CPU.Build.0 = Debug|Any CPU
		{AEE678D5-3EBD-1708-E2D0-82B5AA76BF9F}.Release|Any CPU.ActiveCfg = Release|Any CPU
		{AEE678D5-3EBD-1708-E2D0-82B5AA76BF9F}.Release|Any CPU.Build.0 = Release|Any CPU
		{5C6BFF79-A961-B805-3596-A1B1F7B18373}.Debug|Any CPU.ActiveCfg = Debug|Any CPU
		{5C6BFF79-A961-B805-3596-A1B1F7B18373}.Debug|Any CPU.Build.0 = Debug|Any CPU
		{5C6BFF79-A961-B805-3596-A1B1F7B18373}.Release|Any CPU.ActiveCfg = Release|Any CPU
		{5C6BFF79-A961-B805-3596-A1B1F7B18373}.Release|Any CPU.Build.0 = Release|Any CPU
		{341E9DBD-9183-512B-5547-D0AD3C408FE2}.Debug|Any CPU.ActiveCfg = Debug|Any CPU
		{341E9DBD-9183-512B-5547-D0AD3C408FE2}.Debug|Any CPU.Build.0 = Debug|Any CPU
		{341E9DBD-9183-512B-5547-D0AD3C408FE2}.Release|Any CPU.ActiveCfg = Release|Any CPU
		{341E9DBD-9183-512B-5547-D0AD3C408FE2}.Release|Any CPU.Build.0 = Release|Any CPU
		{86E0180A-BA05-0AA2-AE15-49E07EFA628D}.Debug|Any CPU.ActiveCfg = Debug|Any CPU
		{86E0180A-BA05-0AA2-AE15-49E07EFA628D}.Debug|Any CPU.Build.0 = Debug|Any CPU
		{86E0180A-BA05-0AA2-AE15-49E07EFA628D}.Release|Any CPU.ActiveCfg = Release|Any CPU
		{86E0180A-BA05-0AA2-AE15-49E07EFA628D}.Release|Any CPU.Build.0 = Release|Any CPU
		{61673418-0205-E118-3DD6-39DF6EE4CF98}.Debug|Any CPU.ActiveCfg = Debug|Any CPU
		{61673418-0205-E118-3DD6-39DF6EE4CF98}.Debug|Any CPU.Build.0 = Debug|Any CPU
		{61673418-0205-E118-3DD6-39DF6EE4CF98}.Release|Any CPU.ActiveCfg = Release|Any CPU
		{61673418-0205-E118-3DD6-39DF6EE4CF98}.Release|Any CPU.Build.0 = Release|Any CPU
		{AAF35491-0A58-41BF-F15E-8202EEBD520E}.Debug|Any CPU.ActiveCfg = Debug|Any CPU
		{AAF35491-0A58-41BF-F15E-8202EEBD520E}.Debug|Any CPU.Build.0 = Debug|Any CPU
		{AAF35491-0A58-41BF-F15E-8202EEBD520E}.Release|Any CPU.ActiveCfg = Release|Any CPU
		{AAF35491-0A58-41BF-F15E-8202EEBD520E}.Release|Any CPU.Build.0 = Release|Any CPU
		{52FEB26F-CBC9-FEF7-B780-72800073329C}.Debug|Any CPU.ActiveCfg = Debug|Any CPU
		{52FEB26F-CBC9-FEF7-B780-72800073329C}.Debug|Any CPU.Build.0 = Debug|Any CPU
		{52FEB26F-CBC9-FEF7-B780-72800073329C}.Release|Any CPU.ActiveCfg = Release|Any CPU
		{52FEB26F-CBC9-FEF7-B780-72800073329C}.Release|Any CPU.Build.0 = Release|Any CPU
		{7A471173-54C5-DF5C-5503-951DB795A5D0}.Debug|Any CPU.ActiveCfg = Debug|Any CPU
		{7A471173-54C5-DF5C-5503-951DB795A5D0}.Debug|Any CPU.Build.0 = Debug|Any CPU
		{7A471173-54C5-DF5C-5503-951DB795A5D0}.Release|Any CPU.ActiveCfg = Release|Any CPU
		{7A471173-54C5-DF5C-5503-951DB795A5D0}.Release|Any CPU.Build.0 = Release|Any CPU
		{92FA2A43-6468-0B51-A2A7-C7D2C02254B2}.Debug|Any CPU.ActiveCfg = Debug|Any CPU
		{92FA2A43-6468-0B51-A2A7-C7D2C02254B2}.Debug|Any CPU.Build.0 = Debug|Any CPU
		{92FA2A43-6468-0B51-A2A7-C7D2C02254B2}.Release|Any CPU.ActiveCfg = Release|Any CPU
		{92FA2A43-6468-0B51-A2A7-C7D2C02254B2}.Release|Any CPU.Build.0 = Release|Any CPU
		{7328957A-58CD-5A69-5A81-58C3137C9520}.Debug|Any CPU.ActiveCfg = Debug|Any CPU
		{7328957A-58CD-5A69-5A81-58C3137C9520}.Debug|Any CPU.Build.0 = Debug|Any CPU
		{7328957A-58CD-5A69-5A81-58C3137C9520}.Release|Any CPU.ActiveCfg = Release|Any CPU
		{7328957A-58CD-5A69-5A81-58C3137C9520}.Release|Any CPU.Build.0 = Release|Any CPU
		{77EEFA30-8E33-5B40-A509-5F56FD51835D}.Debug|Any CPU.ActiveCfg = Debug|Any CPU
		{77EEFA30-8E33-5B40-A509-5F56FD51835D}.Debug|Any CPU.Build.0 = Debug|Any CPU
		{77EEFA30-8E33-5B40-A509-5F56FD51835D}.Release|Any CPU.ActiveCfg = Release|Any CPU
		{77EEFA30-8E33-5B40-A509-5F56FD51835D}.Release|Any CPU.Build.0 = Release|Any CPU
		{864540B3-1FA5-350D-DB1E-87EE1138E8E4}.Debug|Any CPU.ActiveCfg = Debug|Any CPU
		{864540B3-1FA5-350D-DB1E-87EE1138E8E4}.Debug|Any CPU.Build.0 = Debug|Any CPU
		{864540B3-1FA5-350D-DB1E-87EE1138E8E4}.Release|Any CPU.ActiveCfg = Release|Any CPU
		{864540B3-1FA5-350D-DB1E-87EE1138E8E4}.Release|Any CPU.Build.0 = Release|Any CPU
		{0B4023FF-2352-C82F-EDA0-D8183A2583F3}.Debug|Any CPU.ActiveCfg = Debug|Any CPU
		{0B4023FF-2352-C82F-EDA0-D8183A2583F3}.Debug|Any CPU.Build.0 = Debug|Any CPU
		{0B4023FF-2352-C82F-EDA0-D8183A2583F3}.Release|Any CPU.ActiveCfg = Release|Any CPU
		{0B4023FF-2352-C82F-EDA0-D8183A2583F3}.Release|Any CPU.Build.0 = Release|Any CPU
		{3C4BB9D0-0B07-E9A5-4799-34785C91559B}.Debug|Any CPU.ActiveCfg = Debug|Any CPU
		{3C4BB9D0-0B07-E9A5-4799-34785C91559B}.Debug|Any CPU.Build.0 = Debug|Any CPU
		{3C4BB9D0-0B07-E9A5-4799-34785C91559B}.Release|Any CPU.ActiveCfg = Release|Any CPU
		{3C4BB9D0-0B07-E9A5-4799-34785C91559B}.Release|Any CPU.Build.0 = Release|Any CPU
		{8C875B83-C8B3-79FB-11C9-82194C0CAB6B}.Debug|Any CPU.ActiveCfg = Debug|Any CPU
		{8C875B83-C8B3-79FB-11C9-82194C0CAB6B}.Debug|Any CPU.Build.0 = Debug|Any CPU
		{8C875B83-C8B3-79FB-11C9-82194C0CAB6B}.Release|Any CPU.ActiveCfg = Release|Any CPU
		{8C875B83-C8B3-79FB-11C9-82194C0CAB6B}.Release|Any CPU.Build.0 = Release|Any CPU
		{DA773C41-1B30-E037-84F8-3720CEC0CCB0}.Debug|Any CPU.ActiveCfg = Debug|Any CPU
		{DA773C41-1B30-E037-84F8-3720CEC0CCB0}.Debug|Any CPU.Build.0 = Debug|Any CPU
		{DA773C41-1B30-E037-84F8-3720CEC0CCB0}.Release|Any CPU.ActiveCfg = Release|Any CPU
		{DA773C41-1B30-E037-84F8-3720CEC0CCB0}.Release|Any CPU.Build.0 = Release|Any CPU
		{0CFE899F-D6EB-8ADD-B587-08B906B6524E}.Debug|Any CPU.ActiveCfg = Debug|Any CPU
		{0CFE899F-D6EB-8ADD-B587-08B906B6524E}.Debug|Any CPU.Build.0 = Debug|Any CPU
		{0CFE899F-D6EB-8ADD-B587-08B906B6524E}.Release|Any CPU.ActiveCfg = Release|Any CPU
		{0CFE899F-D6EB-8ADD-B587-08B906B6524E}.Release|Any CPU.Build.0 = Release|Any CPU
	EndGlobalSection
	GlobalSection(SolutionProperties) = preSolution
		HideSolutionNode = FALSE
	EndGlobalSection
EndGlobal
